
Microsoft Visual Studio Solution File, Format Version 12.00
# Visual Studio Version 16
VisualStudioVersion = 16.0.29509.3
MinimumVisualStudioVersion = 10.0.40219.1
Project("{FAE04EC0-301F-11D3-BF4B-00C04F79EFBC}") = "OrderWebGateway", "OrderWebGateway\OrderWebGateway.csproj", "{D612158E-944A-4D97-B1AE-3FD7B8CFF940}"
EndProject
Global
	GlobalSection(SolutionConfigurationPlatforms) = preSolution
		Debug|Any CPU = Debug|Any CPU
		Release|Any CPU = Release|Any CPU
	EndGlobalSection
	GlobalSection(ProjectConfigurationPlatforms) = postSolution
		{D612158E-944A-4D97-B1AE-3FD7B8CFF940}.Debug|Any CPU.ActiveCfg = Debug|Any CPU
		{D612158E-944A-4D97-B1AE-3FD7B8CFF940}.Debug|Any CPU.Build.0 = Debug|Any CPU
		{D612158E-944A-4D97-B1AE-3FD7B8CFF940}.Release|Any CPU.ActiveCfg = Release|Any CPU
		{D612158E-944A-4D97-B1AE-3FD7B8CFF940}.Release|Any CPU.Build.0 = Release|Any CPU
	EndGlobalSection
	GlobalSection(SolutionProperties) = preSolution
		HideSolutionNode = FALSE
	EndGlobalSection
	GlobalSection(ExtensibilityGlobals) = postSolution
		SolutionGuid = {365002C2-9850-4F9C-BE67-F9B54C058647}
	EndGlobalSection
EndGlobal
